
Microsoft Visual Studio Solution File, Format Version 12.00
# Visual Studio 2013
VisualStudioVersion = 12.0.30723.0
MinimumVisualStudioVersion = 10.0.40219.1
Project("{FAE04EC0-301F-11D3-BF4B-00C04F79EFBC}") = "FileViewer", "FileViewer\FileViewer.csproj", "{6F45F07D-59BE-4F03-BBE7-405505BA9403}"
EndProject
Project("{FAE04EC0-301F-11D3-BF4B-00C04F79EFBC}") = "Helper", "TestHelper\Helper.csproj", "{87D036B6-410D-4D13-8C3F-DC81C43DA496}"
EndProject
Project("{FAE04EC0-301F-11D3-BF4B-00C04F79EFBC}") = "XLY.XDD.Control", "XLY.XDD.Control\XLY.XDD.Control.csproj", "{4422CBDE-41DB-4AC5-8855-568E3FFC9F64}"
EndProject
Project("{FAE04EC0-301F-11D3-BF4B-00C04F79EFBC}") = "System.Utility", "System.Utility\System.Utility.csproj", "{425FC769-9426-440B-BA62-B6D89FABD5E8}"
EndProject
Project("{FAE04EC0-301F-11D3-BF4B-00C04F79EFBC}") = "XLY.XDD.ForensicService", "XLY.XDD.ForensicService\XLY.XDD.ForensicService.csproj", "{6153C4B3-BA2B-4E51-A3EA-5B59280F7D00}"
EndProject
Global
	GlobalSection(SolutionConfigurationPlatforms) = preSolution
		Debug|Any CPU = Debug|Any CPU
		Debug|x64 = Debug|x64
		Debug|x86 = Debug|x86
		Release|Any CPU = Release|Any CPU
		Release|x64 = Release|x64
		Release|x86 = Release|x86
	EndGlobalSection
	GlobalSection(ProjectConfigurationPlatforms) = postSolution
		{6F45F07D-59BE-4F03-BBE7-405505BA9403}.Debug|Any CPU.ActiveCfg = Debug|Any CPU
		{6F45F07D-59BE-4F03-BBE7-405505BA9403}.Debug|Any CPU.Build.0 = Debug|Any CPU
		{6F45F07D-59BE-4F03-BBE7-405505BA9403}.Debug|x64.ActiveCfg = Debug|Any CPU
		{6F45F07D-59BE-4F03-BBE7-405505BA9403}.Debug|x86.ActiveCfg = Debug|Any CPU
		{6F45F07D-59BE-4F03-BBE7-405505BA9403}.Release|Any CPU.ActiveCfg = Release|Any CPU
		{6F45F07D-59BE-4F03-BBE7-405505BA9403}.Release|Any CPU.Build.0 = Release|Any CPU
		{6F45F07D-59BE-4F03-BBE7-405505BA9403}.Release|x64.ActiveCfg = Release|Any CPU
		{6F45F07D-59BE-4F03-BBE7-405505BA9403}.Release|x86.ActiveCfg = Release|Any CPU
		{87D036B6-410D-4D13-8C3F-DC81C43DA496}.Debug|Any CPU.ActiveCfg = Debug|Any CPU
		{87D036B6-410D-4D13-8C3F-DC81C43DA496}.Debug|Any CPU.Build.0 = Debug|Any CPU
		{87D036B6-410D-4D13-8C3F-DC81C43DA496}.Debug|x64.ActiveCfg = Debug|Any CPU
		{87D036B6-410D-4D13-8C3F-DC81C43DA496}.Debug|x86.ActiveCfg = Debug|Any CPU
		{87D036B6-410D-4D13-8C3F-DC81C43DA496}.Release|Any CPU.ActiveCfg = Release|Any CPU
		{87D036B6-410D-4D13-8C3F-DC81C43DA496}.Release|Any CPU.Build.0 = Release|Any CPU
		{87D036B6-410D-4D13-8C3F-DC81C43DA496}.Release|x64.ActiveCfg = Release|Any CPU
		{87D036B6-410D-4D13-8C3F-DC81C43DA496}.Release|x86.ActiveCfg = Release|Any CPU
		{4422CBDE-41DB-4AC5-8855-568E3FFC9F64}.Debug|Any CPU.ActiveCfg = Debug|Any CPU
		{4422CBDE-41DB-4AC5-8855-568E3FFC9F64}.Debug|Any CPU.Build.0 = Debug|Any CPU
		{4422CBDE-41DB-4AC5-8855-568E3FFC9F64}.Debug|x64.ActiveCfg = Debug|x64
		{4422CBDE-41DB-4AC5-8855-568E3FFC9F64}.Debug|x64.Build.0 = Debug|x64
		{4422CBDE-41DB-4AC5-8855-568E3FFC9F64}.Debug|x86.ActiveCfg = Debug|x86
		{4422CBDE-41DB-4AC5-8855-568E3FFC9F64}.Debug|x86.Build.0 = Debug|x86
		{4422CBDE-41DB-4AC5-8855-568E3FFC9F64}.Release|Any CPU.ActiveCfg = Release|Any CPU
		{4422CBDE-41DB-4AC5-8855-568E3FFC9F64}.Release|Any CPU.Build.0 = Release|Any CPU
		{4422CBDE-41DB-4AC5-8855-568E3FFC9F64}.Release|x64.ActiveCfg = Release|x64
		{4422CBDE-41DB-4AC5-8855-568E3FFC9F64}.Release|x64.Build.0 = Release|x64
		{4422CBDE-41DB-4AC5-8855-568E3FFC9F64}.Release|x86.ActiveCfg = Release|x86
		{4422CBDE-41DB-4AC5-8855-568E3FFC9F64}.Release|x86.Build.0 = Release|x86
		{425FC769-9426-440B-BA62-B6D89FABD5E8}.Debug|Any CPU.ActiveCfg = Debug|Any CPU
		{425FC769-9426-440B-BA62-B6D89FABD5E8}.Debug|Any CPU.Build.0 = Debug|Any CPU
		{425FC769-9426-440B-BA62-B6D89FABD5E8}.Debug|x64.ActiveCfg = Debug|x64
		{425FC769-9426-440B-BA62-B6D89FABD5E8}.Debug|x64.Build.0 = Debug|x64
		{425FC769-9426-440B-BA62-B6D89FABD5E8}.Debug|x86.ActiveCfg = Debug|x86
		{425FC769-9426-440B-BA62-B6D89FABD5E8}.Debug|x86.Build.0 = Debug|x86
		{425FC769-9426-440B-BA62-B6D89FABD5E8}.Release|Any CPU.ActiveCfg = Release|Any CPU
		{425FC769-9426-440B-BA62-B6D89FABD5E8}.Release|Any CPU.Build.0 = Release|Any CPU
		{425FC769-9426-440B-BA62-B6D89FABD5E8}.Release|x64.ActiveCfg = Release|x64
		{425FC769-9426-440B-BA62-B6D89FABD5E8}.Release|x64.Build.0 = Release|x64
		{425FC769-9426-440B-BA62-B6D89FABD5E8}.Release|x86.ActiveCfg = Release|x86
		{425FC769-9426-440B-BA62-B6D89FABD5E8}.Release|x86.Build.0 = Release|x86
		{6153C4B3-BA2B-4E51-A3EA-5B59280F7D00}.Debug|Any CPU.ActiveCfg = Debug|Any CPU
		{6153C4B3-BA2B-4E51-A3EA-5B59280F7D00}.Debug|Any CPU.Build.0 = Debug|Any CPU
		{6153C4B3-BA2B-4E51-A3EA-5B59280F7D00}.Debug|x64.ActiveCfg = Debug|x64
		{6153C4B3-BA2B-4E51-A3EA-5B59280F7D00}.Debug|x64.Build.0 = Debug|x64
		{6153C4B3-BA2B-4E51-A3EA-5B59280F7D00}.Debug|x86.ActiveCfg = Debug|x86
		{6153C4B3-BA2B-4E51-A3EA-5B59280F7D00}.Debug|x86.Build.0 = Debug|x86
		{6153C4B3-BA2B-4E51-A3EA-5B59280F7D00}.Release|Any CPU.ActiveCfg = Release|Any CPU
		{6153C4B3-BA2B-4E51-A3EA-5B59280F7D00}.Release|Any CPU.Build.0 = Release|Any CPU
		{6153C4B3-BA2B-4E51-A3EA-5B59280F7D00}.Release|x64.ActiveCfg = Release|x64
		{6153C4B3-BA2B-4E51-A3EA-5B59280F7D00}.Release|x64.Build.0 = Release|x64
		{6153C4B3-BA2B-4E51-A3EA-5B59280F7D00}.Release|x86.ActiveCfg = Release|x86
		{6153C4B3-BA2B-4E51-A3EA-5B59280F7D00}.Release|x86.Build.0 = Release|x86
	EndGlobalSection
	GlobalSection(SolutionProperties) = preSolution
		HideSolutionNode = FALSE
	EndGlobalSection
EndGlobal
